
Microsoft Visual Studio Solution File, Format Version 12.00
# Visual Studio Version 17
VisualStudioVersion = 17.13.35825.156 d17.13
MinimumVisualStudioVersion = 10.0.40219.1
Project("{FAE04EC0-301F-11D3-BF4B-00C04F79EFBC}") = "lb 2.1", "lb 2.1\lb 2.1.csproj", "{15DD9A52-D084-4DE9-B3BF-989E32C49FD0}"
EndProject
Global
	GlobalSection(SolutionConfigurationPlatforms) = preSolution
		Debug|Any CPU = Debug|Any CPU
		Release|Any CPU = Release|Any CPU
	EndGlobalSection
	GlobalSection(ProjectConfigurationPlatforms) = postSolution
		{15DD9A52-D084-4DE9-B3BF-989E32C49FD0}.Debug|Any CPU.ActiveCfg = Debug|Any CPU
		{15DD9A52-D084-4DE9-B3BF-989E32C49FD0}.Debug|Any CPU.Build.0 = Debug|Any CPU
		{15DD9A52-D084-4DE9-B3BF-989E32C49FD0}.Release|Any CPU.ActiveCfg = Release|Any CPU
		{15DD9A52-D084-4DE9-B3BF-989E32C49FD0}.Release|Any CPU.Build.0 = Release|Any CPU
	EndGlobalSection
	GlobalSection(SolutionProperties) = preSolution
		HideSolutionNode = FALSE
	EndGlobalSection
	GlobalSection(ExtensibilityGlobals) = postSolution
		SolutionGuid = {510891A0-AC62-4A7D-8B92-64DE16067002}
	EndGlobalSection
EndGlobal
