
Microsoft Visual Studio Solution File, Format Version 12.00
# Visual Studio Version 17
VisualStudioVersion = 17.13.35825.156 d17.13
MinimumVisualStudioVersion = 10.0.40219.1
Project("{FAE04EC0-301F-11D3-BF4B-00C04F79EFBC}") = "lb 3.1", "lb 3.1\lb 3.1.csproj", "{322F8B58-8F7C-47B2-A7A3-E51ECA1D7561}"
EndProject
Global
	GlobalSection(SolutionConfigurationPlatforms) = preSolution
		Debug|Any CPU = Debug|Any CPU
		Release|Any CPU = Release|Any CPU
	EndGlobalSection
	GlobalSection(ProjectConfigurationPlatforms) = postSolution
		{322F8B58-8F7C-47B2-A7A3-E51ECA1D7561}.Debug|Any CPU.ActiveCfg = Debug|Any CPU
		{322F8B58-8F7C-47B2-A7A3-E51ECA1D7561}.Debug|Any CPU.Build.0 = Debug|Any CPU
		{322F8B58-8F7C-47B2-A7A3-E51ECA1D7561}.Release|Any CPU.ActiveCfg = Release|Any CPU
		{322F8B58-8F7C-47B2-A7A3-E51ECA1D7561}.Release|Any CPU.Build.0 = Release|Any CPU
	EndGlobalSection
	GlobalSection(SolutionProperties) = preSolution
		HideSolutionNode = FALSE
	EndGlobalSection
	GlobalSection(ExtensibilityGlobals) = postSolution
		SolutionGuid = {C09DD3D6-BEFB-44B5-A37E-E3DF7BA818A9}
	EndGlobalSection
EndGlobal
