
Microsoft Visual Studio Solution File, Format Version 12.00
# Visual Studio Version 17
VisualStudioVersion = 17.13.35825.156 d17.13
MinimumVisualStudioVersion = 10.0.40219.1
Project("{FAE04EC0-301F-11D3-BF4B-00C04F79EFBC}") = "lb1.4", "lb1.4\lb1.4.csproj", "{250BE9EC-4593-4C79-AC1B-77D873B5FE31}"
EndProject
Global
	GlobalSection(SolutionConfigurationPlatforms) = preSolution
		Debug|Any CPU = Debug|Any CPU
		Release|Any CPU = Release|Any CPU
	EndGlobalSection
	GlobalSection(ProjectConfigurationPlatforms) = postSolution
		{250BE9EC-4593-4C79-AC1B-77D873B5FE31}.Debug|Any CPU.ActiveCfg = Debug|Any CPU
		{250BE9EC-4593-4C79-AC1B-77D873B5FE31}.Debug|Any CPU.Build.0 = Debug|Any CPU
		{250BE9EC-4593-4C79-AC1B-77D873B5FE31}.Release|Any CPU.ActiveCfg = Release|Any CPU
		{250BE9EC-4593-4C79-AC1B-77D873B5FE31}.Release|Any CPU.Build.0 = Release|Any CPU
	EndGlobalSection
	GlobalSection(SolutionProperties) = preSolution
		HideSolutionNode = FALSE
	EndGlobalSection
	GlobalSection(ExtensibilityGlobals) = postSolution
		SolutionGuid = {CD5DFA5C-F9C0-4634-A9CE-C274158A88EF}
	EndGlobalSection
EndGlobal
